
Microsoft Visual Studio Solution File, Format Version 12.00
# Visual Studio 14
VisualStudioVersion = 14.0.23107.0
MinimumVisualStudioVersion = 10.0.40219.1
Project("{FAE04EC0-301F-11D3-BF4B-00C04F79EFBC}") = "Hemtenta_Alisina_Housela", "Hemtenta_Alisina_Housela\Hemtenta_Alisina_Housela.csproj", "{C1A2D91D-9012-4D0A-A8BD-B3F9060BD303}"
EndProject
Project("{FAE04EC0-301F-11D3-BF4B-00C04F79EFBC}") = "Hemtenta_Alisina_Housela_Test", "Hemtenta_Alisina_Housela_Test\Hemtenta_Alisina_Housela_Test.csproj", "{8D7F84CE-7B0E-4D64-BA67-09622DF913C6}"
EndProject
Global
	GlobalSection(SolutionConfigurationPlatforms) = preSolution
		Debug|Any CPU = Debug|Any CPU
		Release|Any CPU = Release|Any CPU
	EndGlobalSection
	GlobalSection(ProjectConfigurationPlatforms) = postSolution
		{C1A2D91D-9012-4D0A-A8BD-B3F9060BD303}.Debug|Any CPU.ActiveCfg = Debug|Any CPU
		{C1A2D91D-9012-4D0A-A8BD-B3F9060BD303}.Debug|Any CPU.Build.0 = Debug|Any CPU
		{C1A2D91D-9012-4D0A-A8BD-B3F9060BD303}.Release|Any CPU.ActiveCfg = Release|Any CPU
		{C1A2D91D-9012-4D0A-A8BD-B3F9060BD303}.Release|Any CPU.Build.0 = Release|Any CPU
		{8D7F84CE-7B0E-4D64-BA67-09622DF913C6}.Debug|Any CPU.ActiveCfg = Debug|Any CPU
		{8D7F84CE-7B0E-4D64-BA67-09622DF913C6}.Debug|Any CPU.Build.0 = Debug|Any CPU
		{8D7F84CE-7B0E-4D64-BA67-09622DF913C6}.Release|Any CPU.ActiveCfg = Release|Any CPU
		{8D7F84CE-7B0E-4D64-BA67-09622DF913C6}.Release|Any CPU.Build.0 = Release|Any CPU
	EndGlobalSection
	GlobalSection(SolutionProperties) = preSolution
		HideSolutionNode = FALSE
	EndGlobalSection
EndGlobal
